
Microsoft Visual Studio Solution File, Format Version 12.00
# Visual Studio Version 17
VisualStudioVersion = 17.4.33110.190
MinimumVisualStudioVersion = 10.0.40219.1
Project("{9A19103F-16F7-4668-BE54-9A1E7A4F7556}") = "DataAccess", "DataAccess\DataAccess.csproj", "{EFD476CB-CD14-4479-9565-8E19ED9D2148}"
EndProject
Project("{9A19103F-16F7-4668-BE54-9A1E7A4F7556}") = "Entities", "Entitiy\Entities.csproj", "{C8C72A46-A9E6-41D8-97FC-E048040D3928}"
EndProject
Project("{9A19103F-16F7-4668-BE54-9A1E7A4F7556}") = "Business", "Business\Business.csproj", "{E547DFF7-5782-4667-9559-B33EF1F10176}"
EndProject
Project("{9A19103F-16F7-4668-BE54-9A1E7A4F7556}") = "Core", "Core\Core.csproj", "{3447CFF1-B51B-4D24-B1A5-F8BE9AF44B39}"
EndProject
Project("{9A19103F-16F7-4668-BE54-9A1E7A4F7556}") = "CarRental", "CarRental\CarRental.csproj", "{93843F90-6CF3-4C2A-8620-1D96B0736802}"
EndProject
Global
	GlobalSection(SolutionConfigurationPlatforms) = preSolution
		Debug|Any CPU = Debug|Any CPU
		Release|Any CPU = Release|Any CPU
	EndGlobalSection
	GlobalSection(ProjectConfigurationPlatforms) = postSolution
		{EFD476CB-CD14-4479-9565-8E19ED9D2148}.Debug|Any CPU.ActiveCfg = Debug|Any CPU
		{EFD476CB-CD14-4479-9565-8E19ED9D2148}.Debug|Any CPU.Build.0 = Debug|Any CPU
		{EFD476CB-CD14-4479-9565-8E19ED9D2148}.Release|Any CPU.ActiveCfg = Release|Any CPU
		{EFD476CB-CD14-4479-9565-8E19ED9D2148}.Release|Any CPU.Build.0 = Release|Any CPU
		{C8C72A46-A9E6-41D8-97FC-E048040D3928}.Debug|Any CPU.ActiveCfg = Debug|Any CPU
		{C8C72A46-A9E6-41D8-97FC-E048040D3928}.Debug|Any CPU.Build.0 = Debug|Any CPU
		{C8C72A46-A9E6-41D8-97FC-E048040D3928}.Release|Any CPU.ActiveCfg = Release|Any CPU
		{C8C72A46-A9E6-41D8-97FC-E048040D3928}.Release|Any CPU.Build.0 = Release|Any CPU
		{E547DFF7-5782-4667-9559-B33EF1F10176}.Debug|Any CPU.ActiveCfg = Debug|Any CPU
		{E547DFF7-5782-4667-9559-B33EF1F10176}.Debug|Any CPU.Build.0 = Debug|Any CPU
		{E547DFF7-5782-4667-9559-B33EF1F10176}.Release|Any CPU.ActiveCfg = Release|Any CPU
		{E547DFF7-5782-4667-9559-B33EF1F10176}.Release|Any CPU.Build.0 = Release|Any CPU
		{3447CFF1-B51B-4D24-B1A5-F8BE9AF44B39}.Debug|Any CPU.ActiveCfg = Debug|Any CPU
		{3447CFF1-B51B-4D24-B1A5-F8BE9AF44B39}.Debug|Any CPU.Build.0 = Debug|Any CPU
		{3447CFF1-B51B-4D24-B1A5-F8BE9AF44B39}.Release|Any CPU.ActiveCfg = Release|Any CPU
		{3447CFF1-B51B-4D24-B1A5-F8BE9AF44B39}.Release|Any CPU.Build.0 = Release|Any CPU
		{93843F90-6CF3-4C2A-8620-1D96B0736802}.Debug|Any CPU.ActiveCfg = Debug|Any CPU
		{93843F90-6CF3-4C2A-8620-1D96B0736802}.Debug|Any CPU.Build.0 = Debug|Any CPU
		{93843F90-6CF3-4C2A-8620-1D96B0736802}.Release|Any CPU.ActiveCfg = Release|Any CPU
		{93843F90-6CF3-4C2A-8620-1D96B0736802}.Release|Any CPU.Build.0 = Release|Any CPU
	EndGlobalSection
	GlobalSection(SolutionProperties) = preSolution
		HideSolutionNode = FALSE
	EndGlobalSection
	GlobalSection(ExtensibilityGlobals) = postSolution
		SolutionGuid = {BB86635F-0986-48F2-A8A3-59D6DC3A5A08}
	EndGlobalSection
EndGlobal
